
Microsoft Visual Studio Solution File, Format Version 12.00
# Visual Studio Version 16
VisualStudioVersion = 16.0.31129.286
MinimumVisualStudioVersion = 10.0.40219.1
Project("{9A19103F-16F7-4668-BE54-9A1E7A4F7556}") = "DockerizedTestAPI", "DockerizedTestAPI.csproj", "{8D882D87-E402-4467-8E3F-6C28EC823263}"
EndProject
Global
	GlobalSection(SolutionConfigurationPlatforms) = preSolution
		Debug|Any CPU = Debug|Any CPU
		Release|Any CPU = Release|Any CPU
	EndGlobalSection
	GlobalSection(ProjectConfigurationPlatforms) = postSolution
		{8D882D87-E402-4467-8E3F-6C28EC823263}.Debug|Any CPU.ActiveCfg = Debug|Any CPU
		{8D882D87-E402-4467-8E3F-6C28EC823263}.Debug|Any CPU.Build.0 = Debug|Any CPU
		{8D882D87-E402-4467-8E3F-6C28EC823263}.Release|Any CPU.ActiveCfg = Release|Any CPU
		{8D882D87-E402-4467-8E3F-6C28EC823263}.Release|Any CPU.Build.0 = Release|Any CPU
	EndGlobalSection
	GlobalSection(SolutionProperties) = preSolution
		HideSolutionNode = FALSE
	EndGlobalSection
	GlobalSection(ExtensibilityGlobals) = postSolution
		SolutionGuid = {E0302747-2D81-46FC-A821-95E3D6B12FA5}
	EndGlobalSection
EndGlobal
